
Microsoft Visual Studio Solution File, Format Version 12.00
# Visual Studio Version 17
VisualStudioVersion = 17.0.31903.59
MinimumVisualStudioVersion = 10.0.40219.1
Project("{FAE04EC0-301F-11D3-BF4B-00C04F79EFBC}") = "PRN232.Plagiarism.Application", "PRN232.Plagiarism.Application\PRN232.Plagiarism.Application.csproj", "{E108FE5A-DED3-483E-8378-5A013E714198}"
EndProject
Project("{FAE04EC0-301F-11D3-BF4B-00C04F79EFBC}") = "PRN232.Plagiarism.Infrastructure", "PRN232.Plagiarism.Infrastructure\PRN232.Plagiarism.Infrastructure.csproj", "{400E60EE-3031-4FB4-9BC9-49C2E5EB89C9}"
EndProject
Project("{FAE04EC0-301F-11D3-BF4B-00C04F79EFBC}") = "PRN232.Plagiarism.Api", "PRN232.Plagiarism.Api\PRN232.Plagiarism.Api.csproj", "{D5A15909-16A3-441A-B186-FD973191FE2F}"
EndProject
Project("{FAE04EC0-301F-11D3-BF4B-00C04F79EFBC}") = "PRN232.Plagiarism.Tests", "PRN232.Plagiarism.Tests\PRN232.Plagiarism.Tests.csproj", "{C185D8AC-AA6C-4DE0-BD64-0AAE24BF43F8}"
EndProject
Project("{FAE04EC0-301F-11D3-BF4B-00C04F79EFBC}") = "PRN232.Plagiarism.Domain", "PRN232.Plagiarism.Domain\PRN232.Plagiarism.Domain.csproj", "{89977B13-498B-4403-8FA5-C4F7A83303D0}"
EndProject
Global
	GlobalSection(SolutionConfigurationPlatforms) = preSolution
		Debug|Any CPU = Debug|Any CPU
		Debug|x64 = Debug|x64
		Debug|x86 = Debug|x86
		Release|Any CPU = Release|Any CPU
		Release|x64 = Release|x64
		Release|x86 = Release|x86
	EndGlobalSection
	GlobalSection(ProjectConfigurationPlatforms) = postSolution
		{E108FE5A-DED3-483E-8378-5A013E714198}.Debug|Any CPU.ActiveCfg = Debug|Any CPU
		{E108FE5A-DED3-483E-8378-5A013E714198}.Debug|Any CPU.Build.0 = Debug|Any CPU
		{E108FE5A-DED3-483E-8378-5A013E714198}.Debug|x64.ActiveCfg = Debug|Any CPU
		{E108FE5A-DED3-483E-8378-5A013E714198}.Debug|x64.Build.0 = Debug|Any CPU
		{E108FE5A-DED3-483E-8378-5A013E714198}.Debug|x86.ActiveCfg = Debug|Any CPU
		{E108FE5A-DED3-483E-8378-5A013E714198}.Debug|x86.Build.0 = Debug|Any CPU
		{E108FE5A-DED3-483E-8378-5A013E714198}.Release|Any CPU.ActiveCfg = Release|Any CPU
		{E108FE5A-DED3-483E-8378-5A013E714198}.Release|Any CPU.Build.0 = Release|Any CPU
		{E108FE5A-DED3-483E-8378-5A013E714198}.Release|x64.ActiveCfg = Release|Any CPU
		{E108FE5A-DED3-483E-8378-5A013E714198}.Release|x64.Build.0 = Release|Any CPU
		{E108FE5A-DED3-483E-8378-5A013E714198}.Release|x86.ActiveCfg = Release|Any CPU
		{E108FE5A-DED3-483E-8378-5A013E714198}.Release|x86.Build.0 = Release|Any CPU
		{400E60EE-3031-4FB4-9BC9-49C2E5EB89C9}.Debug|Any CPU.ActiveCfg = Debug|Any CPU
		{400E60EE-3031-4FB4-9BC9-49C2E5EB89C9}.Debug|Any CPU.Build.0 = Debug|Any CPU
		{400E60EE-3031-4FB4-9BC9-49C2E5EB89C9}.Debug|x64.ActiveCfg = Debug|Any CPU
		{400E60EE-3031-4FB4-9BC9-49C2E5EB89C9}.Debug|x64.Build.0 = Debug|Any CPU
		{400E60EE-3031-4FB4-9BC9-49C2E5EB89C9}.Debug|x86.ActiveCfg = Debug|Any CPU
		{400E60EE-3031-4FB4-9BC9-49C2E5EB89C9}.Debug|x86.Build.0 = Debug|Any CPU
		{400E60EE-3031-4FB4-9BC9-49C2E5EB89C9}.Release|Any CPU.ActiveCfg = Release|Any CPU
		{400E60EE-3031-4FB4-9BC9-49C2E5EB89C9}.Release|Any CPU.Build.0 = Release|Any CPU
		{400E60EE-3031-4FB4-9BC9-49C2E5EB89C9}.Release|x64.ActiveCfg = Release|Any CPU
		{400E60EE-3031-4FB4-9BC9-49C2E5EB89C9}.Release|x64.Build.0 = Release|Any CPU
		{400E60EE-3031-4FB4-9BC9-49C2E5EB89C9}.Release|x86.ActiveCfg = Release|Any CPU
		{400E60EE-3031-4FB4-9BC9-49C2E5EB89C9}.Release|x86.Build.0 = Release|Any CPU
		{D5A15909-16A3-441A-B186-FD973191FE2F}.Debug|Any CPU.ActiveCfg = Debug|Any CPU
		{D5A15909-16A3-441A-B186-FD973191FE2F}.Debug|Any CPU.Build.0 = Debug|Any CPU
		{D5A15909-16A3-441A-B186-FD973191FE2F}.Debug|x64.ActiveCfg = Debug|Any CPU
		{D5A15909-16A3-441A-B186-FD973191FE2F}.Debug|x64.Build.0 = Debug|Any CPU
		{D5A15909-16A3-441A-B186-FD973191FE2F}.Debug|x86.ActiveCfg = Debug|Any CPU
		{D5A15909-16A3-441A-B186-FD973191FE2F}.Debug|x86.Build.0 = Debug|Any CPU
		{D5A15909-16A3-441A-B186-FD973191FE2F}.Release|Any CPU.ActiveCfg = Release|Any CPU
		{D5A15909-16A3-441A-B186-FD973191FE2F}.Release|Any CPU.Build.0 = Release|Any CPU
		{D5A15909-16A3-441A-B186-FD973191FE2F}.Release|x64.ActiveCfg = Release|Any CPU
		{D5A15909-16A3-441A-B186-FD973191FE2F}.Release|x64.Build.0 = Release|Any CPU
		{D5A15909-16A3-441A-B186-FD973191FE2F}.Release|x86.ActiveCfg = Release|Any CPU
		{D5A15909-16A3-441A-B186-FD973191FE2F}.Release|x86.Build.0 = Release|Any CPU
		{C185D8AC-AA6C-4DE0-BD64-0AAE24BF43F8}.Debug|Any CPU.ActiveCfg = Debug|Any CPU
		{C185D8AC-AA6C-4DE0-BD64-0AAE24BF43F8}.Debug|Any CPU.Build.0 = Debug|Any CPU
		{C185D8AC-AA6C-4DE0-BD64-0AAE24BF43F8}.Debug|x64.ActiveCfg = Debug|Any CPU
		{C185D8AC-AA6C-4DE0-BD64-0AAE24BF43F8}.Debug|x64.Build.0 = Debug|Any CPU
		{C185D8AC-AA6C-4DE0-BD64-0AAE24BF43F8}.Debug|x86.ActiveCfg = Debug|Any CPU
		{C185D8AC-AA6C-4DE0-BD64-0AAE24BF43F8}.Debug|x86.Build.0 = Debug|Any CPU
		{C185D8AC-AA6C-4DE0-BD64-0AAE24BF43F8}.Release|Any CPU.ActiveCfg = Release|Any CPU
		{C185D8AC-AA6C-4DE0-BD64-0AAE24BF43F8}.Release|Any CPU.Build.0 = Release|Any CPU
		{C185D8AC-AA6C-4DE0-BD64-0AAE24BF43F8}.Release|x64.ActiveCfg = Release|Any CPU
		{C185D8AC-AA6C-4DE0-BD64-0AAE24BF43F8}.Release|x64.Build.0 = Release|Any CPU
		{C185D8AC-AA6C-4DE0-BD64-0AAE24BF43F8}.Release|x86.ActiveCfg = Release|Any CPU
		{C185D8AC-AA6C-4DE0-BD64-0AAE24BF43F8}.Release|x86.Build.0 = Release|Any CPU
		{89977B13-498B-4403-8FA5-C4F7A83303D0}.Debug|Any CPU.ActiveCfg = Debug|Any CPU
		{89977B13-498B-4403-8FA5-C4F7A83303D0}.Debug|Any CPU.Build.0 = Debug|Any CPU
		{89977B13-498B-4403-8FA5-C4F7A83303D0}.Debug|x64.ActiveCfg = Debug|Any CPU
		{89977B13-498B-4403-8FA5-C4F7A83303D0}.Debug|x64.Build.0 = Debug|Any CPU
		{89977B13-498B-4403-8FA5-C4F7A83303D0}.Debug|x86.ActiveCfg = Debug|Any CPU
		{89977B13-498B-4403-8FA5-C4F7A83303D0}.Debug|x86.Build.0 = Debug|Any CPU
		{89977B13-498B-4403-8FA5-C4F7A83303D0}.Release|Any CPU.ActiveCfg = Release|Any CPU
		{89977B13-498B-4403-8FA5-C4F7A83303D0}.Release|Any CPU.Build.0 = Release|Any CPU
		{89977B13-498B-4403-8FA5-C4F7A83303D0}.Release|x64.ActiveCfg = Release|Any CPU
		{89977B13-498B-4403-8FA5-C4F7A83303D0}.Release|x64.Build.0 = Release|Any CPU
		{89977B13-498B-4403-8FA5-C4F7A83303D0}.Release|x86.ActiveCfg = Release|Any CPU
		{89977B13-498B-4403-8FA5-C4F7A83303D0}.Release|x86.Build.0 = Release|Any CPU
	EndGlobalSection
	GlobalSection(SolutionProperties) = preSolution
		HideSolutionNode = FALSE
	EndGlobalSection
EndGlobal
